
Microsoft Visual Studio Solution File, Format Version 12.00
# Visual Studio Version 16
VisualStudioVersion = 16.0.30523.141
MinimumVisualStudioVersion = 10.0.40219.1
Project("{FAE04EC0-301F-11D3-BF4B-00C04F79EFBC}") = "Hamnen3", "Hamnen3\Hamnen3.csproj", "{2D0FBA82-E05C-471A-A885-4F2B23DA1868}"
EndProject
Global
	GlobalSection(SolutionConfigurationPlatforms) = preSolution
		Debug|Any CPU = Debug|Any CPU
		Release|Any CPU = Release|Any CPU
	EndGlobalSection
	GlobalSection(ProjectConfigurationPlatforms) = postSolution
		{2D0FBA82-E05C-471A-A885-4F2B23DA1868}.Debug|Any CPU.ActiveCfg = Debug|Any CPU
		{2D0FBA82-E05C-471A-A885-4F2B23DA1868}.Debug|Any CPU.Build.0 = Debug|Any CPU
		{2D0FBA82-E05C-471A-A885-4F2B23DA1868}.Release|Any CPU.ActiveCfg = Release|Any CPU
		{2D0FBA82-E05C-471A-A885-4F2B23DA1868}.Release|Any CPU.Build.0 = Release|Any CPU
	EndGlobalSection
	GlobalSection(SolutionProperties) = preSolution
		HideSolutionNode = FALSE
	EndGlobalSection
	GlobalSection(ExtensibilityGlobals) = postSolution
		SolutionGuid = {D4E33599-D73C-4DC4-A037-7AD42130E015}
	EndGlobalSection
EndGlobal
